
Microsoft Visual Studio Solution File, Format Version 12.00
# Visual Studio 14
VisualStudioVersion = 14.0.25123.0
MinimumVisualStudioVersion = 10.0.40219.1
Project("{2150E333-8FDC-42A3-9474-1A3956D46DE8}") = "~", "~", "{BEB1D8ED-7C42-4E08-B1F7-DD2A11DA80F4}"
	ProjectSection(SolutionItems) = preProject
		.gitignore = .gitignore
		LICENSE.txt = LICENSE.txt
		README.md = README.md
	EndProjectSection
EndProject
Project("{2150E333-8FDC-42A3-9474-1A3956D46DE8}") = "Libraries", "Libraries", "{34D6E710-3C85-4447-910C-958B5B06D73C}"
EndProject
Project("{FAE04EC0-301F-11D3-BF4B-00C04F79EFBC}") = "CloseIoDotNet", "Libraries\CloseIoDotNet\CloseIoDotNet.csproj", "{EF384F53-2B7B-460A-8503-F400788A459D}"
EndProject
Project("{2150E333-8FDC-42A3-9474-1A3956D46DE8}") = "Tests", "Tests", "{5D2515A2-F4B1-4ECE-9746-C870F85F70C1}"
EndProject
Project("{FAE04EC0-301F-11D3-BF4B-00C04F79EFBC}") = "CloseIoDotNet.Test", "Tests\CloseIoDotNet.Test\CloseIoDotNet.Test.csproj", "{0EAE650A-CDA3-494D-9C7F-8D4E48B16430}"
EndProject
Global
	GlobalSection(SolutionConfigurationPlatforms) = preSolution
		Debug|Any CPU = Debug|Any CPU
		Release|Any CPU = Release|Any CPU
	EndGlobalSection
	GlobalSection(ProjectConfigurationPlatforms) = postSolution
		{EF384F53-2B7B-460A-8503-F400788A459D}.Debug|Any CPU.ActiveCfg = Debug|Any CPU
		{EF384F53-2B7B-460A-8503-F400788A459D}.Debug|Any CPU.Build.0 = Debug|Any CPU
		{EF384F53-2B7B-460A-8503-F400788A459D}.Release|Any CPU.ActiveCfg = Release|Any CPU
		{EF384F53-2B7B-460A-8503-F400788A459D}.Release|Any CPU.Build.0 = Release|Any CPU
		{0EAE650A-CDA3-494D-9C7F-8D4E48B16430}.Debug|Any CPU.ActiveCfg = Debug|Any CPU
		{0EAE650A-CDA3-494D-9C7F-8D4E48B16430}.Debug|Any CPU.Build.0 = Debug|Any CPU
		{0EAE650A-CDA3-494D-9C7F-8D4E48B16430}.Release|Any CPU.ActiveCfg = Release|Any CPU
		{0EAE650A-CDA3-494D-9C7F-8D4E48B16430}.Release|Any CPU.Build.0 = Release|Any CPU
	EndGlobalSection
	GlobalSection(SolutionProperties) = preSolution
		HideSolutionNode = FALSE
	EndGlobalSection
	GlobalSection(NestedProjects) = preSolution
		{EF384F53-2B7B-460A-8503-F400788A459D} = {34D6E710-3C85-4447-910C-958B5B06D73C}
		{0EAE650A-CDA3-494D-9C7F-8D4E48B16430} = {5D2515A2-F4B1-4ECE-9746-C870F85F70C1}
	EndGlobalSection
EndGlobal
